<?xml version="1.0" encoding="utf-8"?>
<Project ToolsVersion="4.0" xmlns="http://schemas.microsoft.com/developer/msbuild/2003">
  <ItemGroup>
    <Filter Include="Source Files">
      <UniqueIdentifier>{4FC737F1-C7A5-4376-A066-2A32D752A2FF}</UniqueIdentifier>
      <Extensions>cpp;c;cc;cxx;def;odl;idl;hpj;bat;asm;asmx</Extensions>
    </Filter>
    <Filter Include="Header Files">
      <UniqueIdentifier>{93995380-89BD-4b04-88EB-625FBE52EBFB}</UniqueIdentifier>
      <Extensions>h;hpp;hxx;hm;inl;inc;xsd</Extensions>
    </Filter>
    <Filter Include="Resource Files">
      <UniqueIdentifier>{67DA6AB6-F800-4c08-8B7A-83BB121AAD01}</UniqueIdentifier>
      <Extensions>rc;ico;cur;bmp;dlg;rc2;rct;bin;rgs;gif;jpg;jpeg;jpe;resx;tiff;tif;png;wav;mfcribbon-ms</Extensions>
    </Filter>
  </ItemGroup>
  <ItemGroup>
    <ClCompile Include="Input\sfKeyboard.cpp">
      <Filter>Source Files</Filter>
    </ClCompile>
    <ClCompile Include="Input\sfJoystick.cpp">
      <Filter>Source Files</Filter>
    </ClCompile>
    <ClCompile Include="Input\sfMouse.cpp">
      <Filter>Source Files</Filter>
    </ClCompile>
    <ClCompile Include="GameComponent\IGameComponent.cpp">
      <Filter>Source Files</Filter>
    </ClCompile>
    <ClCompile Include="SpriteSheet\sfSpriteSheet.cpp">
      <Filter>Source Files</Filter>
    </ClCompile>
    <ClCompile Include="GameComponent\GameComponent.cpp">
      <Filter>Source Files</Filter>
    </ClCompile>
    <ClCompile Include="Window\sfWindow.cpp">
      <Filter>Source Files</Filter>
    </ClCompile>
    <ClCompile Include="GameManager\GameManager.cpp">
      <Filter>Source Files</Filter>
    </ClCompile>
    <ClCompile Include="Stage\Stage.cpp">
      <Filter>Source Files</Filter>
    </ClCompile>
    <ClCompile Include="Network\TCPService.cpp">
      <Filter>Source Files</Filter>
    </ClCompile>
    <ClCompile Include="Network\PackManUDP.cpp">
      <Filter>Source Files</Filter>
    </ClCompile>
    <ClCompile Include="Network\PackMan.cpp">
      <Filter>Source Files</Filter>
    </ClCompile>
    <ClCompile Include="Network\NetworkManager.cpp">
      <Filter>Source Files</Filter>
    </ClCompile>
    <ClCompile Include="Network\UDPService.cpp">
      <Filter>Source Files</Filter>
    </ClCompile>
    <ClCompile Include="..\Generics\ReqCl\sources\CSRequest.cpp">
      <Filter>Source Files</Filter>
    </ClCompile>
    <ClCompile Include="..\Generics\ReqCl\sources\SCRequest.cpp">
      <Filter>Source Files</Filter>
    </ClCompile>
    <ClCompile Include="..\Generics\Skin\Skins.cpp">
      <Filter>Source Files</Filter>
    </ClCompile>
    <ClCompile Include="main.cpp">
      <Filter>Source Files</Filter>
    </ClCompile>
  </ItemGroup>
  <ItemGroup>
    <ClInclude Include="GameComponent\IGameComponent.h">
      <Filter>Header Files</Filter>
    </ClInclude>
    <ClInclude Include="GameComponent\GameComponent.h">
      <Filter>Header Files</Filter>
    </ClInclude>
    <ClInclude Include="Window\sfWindow.h">
      <Filter>Header Files</Filter>
    </ClInclude>
    <ClInclude Include="Window\IGameWindow.h">
      <Filter>Header Files</Filter>
    </ClInclude>
    <ClInclude Include="SpriteSheet\ISpriteSheet.h">
      <Filter>Header Files</Filter>
    </ClInclude>
    <ClInclude Include="SpriteSheet\sfSpriteSheet.h">
      <Filter>Header Files</Filter>
    </ClInclude>
    <ClInclude Include="Input\sfKeyboard.h">
      <Filter>Header Files</Filter>
    </ClInclude>
    <ClInclude Include="Input\sfJoystick.h">
      <Filter>Header Files</Filter>
    </ClInclude>
    <ClInclude Include="Input\IInput.h">
      <Filter>Header Files</Filter>
    </ClInclude>
    <ClInclude Include="Input\sfMouse.h">
      <Filter>Header Files</Filter>
    </ClInclude>
    <ClInclude Include="GameManager\GameManager.h">
      <Filter>Header Files</Filter>
    </ClInclude>
    <ClInclude Include="Stage\Stage.h">
      <Filter>Header Files</Filter>
    </ClInclude>
    <ClInclude Include="Network\UDPService.hpp">
      <Filter>Header Files</Filter>
    </ClInclude>
    <ClInclude Include="Network\UDPPacket.h">
      <Filter>Header Files</Filter>
    </ClInclude>
    <ClInclude Include="Network\TCPService.hpp">
      <Filter>Header Files</Filter>
    </ClInclude>
    <ClInclude Include="Network\TCPPacket.h">
      <Filter>Header Files</Filter>
    </ClInclude>
    <ClInclude Include="Network\PackManUDP.h">
      <Filter>Header Files</Filter>
    </ClInclude>
    <ClInclude Include="Network\PackMan.h">
      <Filter>Header Files</Filter>
    </ClInclude>
    <ClInclude Include="Network\NetworkManager.hpp">
      <Filter>Header Files</Filter>
    </ClInclude>
    <ClInclude Include="Network\INetworkManager.hpp">
      <Filter>Header Files</Filter>
    </ClInclude>
    <ClInclude Include="..\Generics\ReqServ\include\IRequest.h">
      <Filter>Header Files</Filter>
    </ClInclude>
    <ClInclude Include="..\Generics\ReqCl\include\SCRequest.h">
      <Filter>Header Files</Filter>
    </ClInclude>
    <ClInclude Include="..\Generics\ReqCl\include\CSRequest.h">
      <Filter>Header Files</Filter>
    </ClInclude>
  </ItemGroup>
</Project>