
Microsoft Visual Studio Solution File, Format Version 12.00
# Visual Studio 2012
Project("{8BC9CEB8-8B4A-11D0-8D11-00A0C91BC942}") = "Server", "Server\Server.vcxproj", "{97359A51-A267-4458-9397-CB0B88432DAC}"
EndProject
Project("{8BC9CEB8-8B4A-11D0-8D11-00A0C91BC942}") = "Client", "Client\Client.vcxproj", "{5BE4F370-64AC-4735-B8BB-277293A7B3FB}"
EndProject
Global
	GlobalSection(SolutionConfigurationPlatforms) = preSolution
		Debug|Win32 = Debug|Win32
		Release|Win32 = Release|Win32
	EndGlobalSection
	GlobalSection(ProjectConfigurationPlatforms) = postSolution
		{97359A51-A267-4458-9397-CB0B88432DAC}.Debug|Win32.ActiveCfg = Debug|Win32
		{97359A51-A267-4458-9397-CB0B88432DAC}.Debug|Win32.Build.0 = Debug|Win32
		{97359A51-A267-4458-9397-CB0B88432DAC}.Release|Win32.ActiveCfg = Release|Win32
		{97359A51-A267-4458-9397-CB0B88432DAC}.Release|Win32.Build.0 = Release|Win32
		{5BE4F370-64AC-4735-B8BB-277293A7B3FB}.Debug|Win32.ActiveCfg = Debug|Win32
		{5BE4F370-64AC-4735-B8BB-277293A7B3FB}.Debug|Win32.Build.0 = Debug|Win32
		{5BE4F370-64AC-4735-B8BB-277293A7B3FB}.Release|Win32.ActiveCfg = Release|Win32
		{5BE4F370-64AC-4735-B8BB-277293A7B3FB}.Release|Win32.Build.0 = Release|Win32
	EndGlobalSection
	GlobalSection(SolutionProperties) = preSolution
		HideSolutionNode = FALSE
	EndGlobalSection
EndGlobal
