<?xml version="1.0" encoding="utf-8"?>
<Project ToolsVersion="4.0" xmlns="http://schemas.microsoft.com/developer/msbuild/2003">
  <ItemGroup>
    <Filter Include="Source Files">
      <UniqueIdentifier>{4FC737F1-C7A5-4376-A066-2A32D752A2FF}</UniqueIdentifier>
      <Extensions>cpp;c;cc;cxx;def;odl;idl;hpj;bat;asm;asmx</Extensions>
    </Filter>
    <Filter Include="Header Files">
      <UniqueIdentifier>{93995380-89BD-4b04-88EB-625FBE52EBFB}</UniqueIdentifier>
      <Extensions>h;hpp;hxx;hm;inl;inc;xsd</Extensions>
    </Filter>
    <Filter Include="Resource Files">
      <UniqueIdentifier>{67DA6AB6-F800-4c08-8B7A-83BB121AAD01}</UniqueIdentifier>
      <Extensions>rc;ico;cur;bmp;dlg;rc2;rct;bin;rgs;gif;jpg;jpeg;jpe;resx;tiff;tif;png;wav;mfcribbon-ms</Extensions>
    </Filter>
  </ItemGroup>
  <ItemGroup>
    <ClCompile Include="sources\Alien1.cpp">
      <Filter>Source Files</Filter>
    </ClCompile>
    <ClCompile Include="sources\AEntityMonster.cpp">
      <Filter>Source Files</Filter>
    </ClCompile>
    <ClCompile Include="sources\EntityDecor.cpp">
      <Filter>Source Files</Filter>
    </ClCompile>
    <ClCompile Include="sources\EntityPlayer.cpp">
      <Filter>Source Files</Filter>
    </ClCompile>
    <ClCompile Include="sources\EntityWeapon.cpp">
      <Filter>Source Files</Filter>
    </ClCompile>
    <ClCompile Include="sources\AEntity.cpp">
      <Filter>Source Files</Filter>
    </ClCompile>
    <ClCompile Include="..\..\Gameplay\sources\GameMod.cpp">
      <Filter>Source Files</Filter>
    </ClCompile>
    <ClCompile Include="..\..\Gameplay\sources\PackedPlugin.cpp">
      <Filter>Source Files</Filter>
    </ClCompile>
    <ClCompile Include="..\..\Gameplay\sources\Scenario.cpp">
      <Filter>Source Files</Filter>
    </ClCompile>
  </ItemGroup>
  <ItemGroup>
    <ClInclude Include="include\Alien1.h">
      <Filter>Header Files</Filter>
    </ClInclude>
    <ClInclude Include="include\AEntityMonster.h">
      <Filter>Header Files</Filter>
    </ClInclude>
    <ClInclude Include="include\EntityDecor.h">
      <Filter>Header Files</Filter>
    </ClInclude>
    <ClInclude Include="include\EntityPlayer.h">
      <Filter>Header Files</Filter>
    </ClInclude>
    <ClInclude Include="include\EntityWeapon.h">
      <Filter>Header Files</Filter>
    </ClInclude>
    <ClInclude Include="include\AEntity.h">
      <Filter>Header Files</Filter>
    </ClInclude>
    <ClInclude Include="..\..\Gameplay\include\GameMod.h">
      <Filter>Header Files</Filter>
    </ClInclude>
    <ClInclude Include="..\..\Gameplay\include\Scenario.h">
      <Filter>Header Files</Filter>
    </ClInclude>
    <ClInclude Include="..\..\Gameplay\include\IArmable.h">
      <Filter>Header Files</Filter>
    </ClInclude>
    <ClInclude Include="..\..\Gameplay\include\PackedPlugin.h">
      <Filter>Header Files</Filter>
    </ClInclude>
    <ClInclude Include="..\..\Gameplay\include\ICollidable.h">
      <Filter>Header Files</Filter>
    </ClInclude>
    <ClInclude Include="..\..\Gameplay\include\IDestroyable.h">
      <Filter>Header Files</Filter>
    </ClInclude>
    <ClInclude Include="..\..\Gameplay\include\IDrawable.h">
      <Filter>Header Files</Filter>
    </ClInclude>
    <ClInclude Include="..\..\Gameplay\include\IEntity.h">
      <Filter>Header Files</Filter>
    </ClInclude>
    <ClInclude Include="..\..\Gameplay\include\IGameMod.h">
      <Filter>Header Files</Filter>
    </ClInclude>
    <ClInclude Include="..\..\Gameplay\include\IMoveable.h">
      <Filter>Header Files</Filter>
    </ClInclude>
    <ClInclude Include="..\..\Gameplay\include\IPlayable.h">
      <Filter>Header Files</Filter>
    </ClInclude>
    <ClInclude Include="..\..\Gameplay\include\IScenario.h">
      <Filter>Header Files</Filter>
    </ClInclude>
    <ClInclude Include="..\..\Gameplay\include\IScriptable.h">
      <Filter>Header Files</Filter>
    </ClInclude>
  </ItemGroup>
</Project>